
Microsoft Visual Studio Solution File, Format Version 12.00
# Visual Studio Version 17
VisualStudioVersion = 17.11.35208.52
MinimumVisualStudioVersion = 10.0.40219.1
Project("{FAE04EC0-301F-11D3-BF4B-00C04F79EFBC}") = "WebApi", "WebApi\WebApi.csproj", "{B0A807C8-EEE4-4686-A515-31247B9C189E}"
EndProject
Project("{FAE04EC0-301F-11D3-BF4B-00C04F79EFBC}") = "BussinesLogic", "BussinesLogic\BussinesLogic.csproj", "{DA5121D5-6260-43FB-8D25-D1C8F19C5AA3}"
EndProject
Project("{FAE04EC0-301F-11D3-BF4B-00C04F79EFBC}") = "Core", "Core\Core.csproj", "{C0DC1129-3228-4F35-A177-407102D530DD}"
EndProject
Global
	GlobalSection(SolutionConfigurationPlatforms) = preSolution
		Debug|Any CPU = Debug|Any CPU
		Release|Any CPU = Release|Any CPU
	EndGlobalSection
	GlobalSection(ProjectConfigurationPlatforms) = postSolution
		{B0A807C8-EEE4-4686-A515-31247B9C189E}.Debug|Any CPU.ActiveCfg = Debug|Any CPU
		{B0A807C8-EEE4-4686-A515-31247B9C189E}.Debug|Any CPU.Build.0 = Debug|Any CPU
		{B0A807C8-EEE4-4686-A515-31247B9C189E}.Release|Any CPU.ActiveCfg = Release|Any CPU
		{B0A807C8-EEE4-4686-A515-31247B9C189E}.Release|Any CPU.Build.0 = Release|Any CPU
		{DA5121D5-6260-43FB-8D25-D1C8F19C5AA3}.Debug|Any CPU.ActiveCfg = Debug|Any CPU
		{DA5121D5-6260-43FB-8D25-D1C8F19C5AA3}.Debug|Any CPU.Build.0 = Debug|Any CPU
		{DA5121D5-6260-43FB-8D25-D1C8F19C5AA3}.Release|Any CPU.ActiveCfg = Release|Any CPU
		{DA5121D5-6260-43FB-8D25-D1C8F19C5AA3}.Release|Any CPU.Build.0 = Release|Any CPU
		{C0DC1129-3228-4F35-A177-407102D530DD}.Debug|Any CPU.ActiveCfg = Debug|Any CPU
		{C0DC1129-3228-4F35-A177-407102D530DD}.Debug|Any CPU.Build.0 = Debug|Any CPU
		{C0DC1129-3228-4F35-A177-407102D530DD}.Release|Any CPU.ActiveCfg = Release|Any CPU
		{C0DC1129-3228-4F35-A177-407102D530DD}.Release|Any CPU.Build.0 = Release|Any CPU
	EndGlobalSection
	GlobalSection(SolutionProperties) = preSolution
		HideSolutionNode = FALSE
	EndGlobalSection
	GlobalSection(ExtensibilityGlobals) = postSolution
		SolutionGuid = {27479A7F-8B61-49E8-AB20-D13E84E00C52}
	EndGlobalSection
EndGlobal
